
Microsoft Visual Studio Solution File, Format Version 12.00
# Visual Studio Version 16
VisualStudioVersion = 16.0.29519.181
MinimumVisualStudioVersion = 10.0.40219.1
Project("{FAE04EC0-301F-11D3-BF4B-00C04F79EFBC}") = "Sanch.HelloWorld", "Sanch.HelloWorld\Sanch.HelloWorld.csproj", "{992D9CAA-7557-41C9-BEC8-01DB71E351BF}"
EndProject
Global
	GlobalSection(SolutionConfigurationPlatforms) = preSolution
		Debug|Any CPU = Debug|Any CPU
		Release|Any CPU = Release|Any CPU
	EndGlobalSection
	GlobalSection(ProjectConfigurationPlatforms) = postSolution
		{992D9CAA-7557-41C9-BEC8-01DB71E351BF}.Debug|Any CPU.ActiveCfg = Debug|Any CPU
		{992D9CAA-7557-41C9-BEC8-01DB71E351BF}.Debug|Any CPU.Build.0 = Debug|Any CPU
		{992D9CAA-7557-41C9-BEC8-01DB71E351BF}.Release|Any CPU.ActiveCfg = Release|Any CPU
		{992D9CAA-7557-41C9-BEC8-01DB71E351BF}.Release|Any CPU.Build.0 = Release|Any CPU
	EndGlobalSection
	GlobalSection(SolutionProperties) = preSolution
		HideSolutionNode = FALSE
	EndGlobalSection
	GlobalSection(ExtensibilityGlobals) = postSolution
		SolutionGuid = {63062A1C-C79A-4AF9-A836-0C3C6C50BF34}
	EndGlobalSection
EndGlobal
